{
    "_readme": [
        "This file locks the dependencies of your project to a known state",
        "Read more about it at https://getcomposer.org/doc/01-basic-usage.md#installing-dependencies",
        "This file is @generated automatically"
    ],
    "content-hash": "d94224055d2d8ed25b5e6afa10f0e890",
    "packages": [
        {
            "name": "phpstan/phpstan",
            "version": "2.1.6",
            "source": {
                "type": "git",
                "url": "https://github.com/phpstan/phpstan.git",
                "reference": "6eaec7c6c9e90dcfe46ad1e1ffa5171e2dab641c"
            },
            "dist": {
                "type": "zip",
                "url": "https://api.github.com/repos/phpstan/phpstan/zipball/6eaec7c6c9e90dcfe46ad1e1ffa5171e2dab641c",
                "reference": "6eaec7c6c9e90dcfe46ad1e1ffa5171e2dab641c",
                "shasum": ""
            },
            "require": {
                "php": "^7.4|^8.0"
            },
            "conflict": {
                "phpstan/phpstan-shim": "*"
            },
            "bin": [
                "phpstan",
                "phpstan.phar"
            ],
            "type": "library",
            "autoload": {
                "files": [
                    "bootstrap.php"
                ]
            },
            "notification-url": "https://packagist.org/downloads/",
            "license": [
                "MIT"
            ],
            "description": "PHPStan - PHP Static Analysis Tool",
            "keywords": [
                "dev",
                "static analysis"
            ],
            "support": {
                "docs": "https://phpstan.org/user-guide/getting-started",
                "forum": "https://github.com/phpstan/phpstan/discussions",
                "issues": "https://github.com/phpstan/phpstan/issues",
                "security": "https://github.com/phpstan/phpstan/security/policy",
                "source": "https://github.com/phpstan/phpstan-src"
            },
            "funding": [
                {
                    "url": "https://github.com/ondrejmirtes",
                    "type": "github"
                },
                {
                    "url": "https://github.com/phpstan",
                    "type": "github"
                }
            ],
            "time": "2025-02-19T15:46:42+00:00"
        },
        {
            "name": "shipmonk/composer-dependency-analyser",
            "version": "1.8.2",
            "source": {
                "type": "git",
                "url": "https://github.com/shipmonk-rnd/composer-dependency-analyser.git",
                "reference": "f374f5366028fd7ece8aeaffa76895d73dc0a05a"
            },
            "dist": {
                "type": "zip",
                "url": "https://api.github.com/repos/shipmonk-rnd/composer-dependency-analyser/zipball/f374f5366028fd7ece8aeaffa76895d73dc0a05a",
                "reference": "f374f5366028fd7ece8aeaffa76895d73dc0a05a",
                "shasum": ""
            },
            "require": {
                "ext-json": "*",
                "ext-tokenizer": "*",
                "php": "^7.2 || ^8.0"
            },
            "require-dev": {
                "editorconfig-checker/editorconfig-checker": "^10.6.0",
                "ergebnis/composer-normalize": "^2.19.0",
                "ext-dom": "*",
                "ext-libxml": "*",
                "phpcompatibility/php-compatibility": "^9.3.5",
                "phpstan/phpstan": "^1.12.3",
                "phpstan/phpstan-phpunit": "^1.4.0",
                "phpstan/phpstan-strict-rules": "^1.6.0",
                "phpunit/phpunit": "^8.5.39 || ^9.6.20",
                "shipmonk/name-collision-detector": "^2.1.1",
                "slevomat/coding-standard": "^8.15.0"
            },
            "bin": [
                "bin/composer-dependency-analyser"
            ],
            "type": "library",
            "autoload": {
                "psr-4": {
                    "ShipMonk\\ComposerDependencyAnalyser\\": "src/"
                }
            },
            "notification-url": "https://packagist.org/downloads/",
            "license": [
                "MIT"
            ],
            "description": "Fast detection of composer dependency issues (dead dependencies, shadow dependencies, misplaced dependencies)",
            "keywords": [
                "analyser",
                "composer",
                "composer dependency",
                "dead code",
                "dead dependency",
                "detector",
                "dev",
                "misplaced dependency",
                "shadow dependency",
                "static analysis",
                "unused code",
                "unused dependency"
            ],
            "support": {
                "issues": "https://github.com/shipmonk-rnd/composer-dependency-analyser/issues",
                "source": "https://github.com/shipmonk-rnd/composer-dependency-analyser/tree/1.8.2"
            },
            "time": "2024-12-30T12:31:04+00:00"
        }
    ],
    "packages-dev": [
        {
            "name": "laravel/pint",
            "version": "v1.21.0",
            "source": {
                "type": "git",
                "url": "https://github.com/laravel/pint.git",
                "reference": "531fa0871fbde719c51b12afa3a443b8f4e4b425"
            },
            "dist": {
                "type": "zip",
                "url": "https://api.github.com/repos/laravel/pint/zipball/531fa0871fbde719c51b12afa3a443b8f4e4b425",
                "reference": "531fa0871fbde719c51b12afa3a443b8f4e4b425",
                "shasum": ""
            },
            "require": {
                "ext-json": "*",
                "ext-mbstring": "*",
                "ext-tokenizer": "*",
                "ext-xml": "*",
                "php": "^8.2.0"
            },
            "require-dev": {
                "friendsofphp/php-cs-fixer": "^3.68.5",
                "illuminate/view": "^11.42.0",
                "larastan/larastan": "^3.0.4",
                "laravel-zero/framework": "^11.36.1",
                "mockery/mockery": "^1.6.12",
                "nunomaduro/termwind": "^2.3",
                "pestphp/pest": "^2.36.0"
            },
            "bin": [
                "builds/pint"
            ],
            "type": "project",
            "autoload": {
                "psr-4": {
                    "App\\": "app/",
                    "Database\\Seeders\\": "database/seeders/",
                    "Database\\Factories\\": "database/factories/"
                }
            },
            "notification-url": "https://packagist.org/downloads/",
            "license": [
                "MIT"
            ],
            "authors": [
                {
                    "name": "Nuno Maduro",
                    "email": "enunomaduro@gmail.com"
                }
            ],
            "description": "An opinionated code formatter for PHP.",
            "homepage": "https://laravel.com",
            "keywords": [
                "format",
                "formatter",
                "lint",
                "linter",
                "php"
            ],
            "support": {
                "issues": "https://github.com/laravel/pint/issues",
                "source": "https://github.com/laravel/pint"
            },
            "time": "2025-02-18T03:18:57+00:00"
        }
    ],
    "aliases": [],
    "minimum-stability": "stable",
    "stability-flags": {},
    "prefer-stable": false,
    "prefer-lowest": false,
    "platform": {
        "php": "~8.1|~8.2|~8.3|~8.4"
    },
    "platform-dev": {},
    "plugin-api-version": "2.6.0"
}
