{
    "_readme": [
        "This file locks the dependencies of your project to a known state",
        "Read more about it at https://getcomposer.org/doc/01-basic-usage.md#installing-dependencies",
        "This file is @generated automatically"
    ],
    "content-hash": "3844f01d8b9a24f357a63cd593bf3244",
    "packages": [
        {
            "name": "phpstan/phpstan",
            "version": "1.11.2",
            "source": {
                "type": "git",
                "url": "https://github.com/phpstan/phpstan.git",
                "reference": "0d5d4294a70deb7547db655c47685d680e39cfec"
            },
            "dist": {
                "type": "zip",
                "url": "https://api.github.com/repos/phpstan/phpstan/zipball/0d5d4294a70deb7547db655c47685d680e39cfec",
                "reference": "0d5d4294a70deb7547db655c47685d680e39cfec",
                "shasum": ""
            },
            "require": {
                "php": "^7.2|^8.0"
            },
            "conflict": {
                "phpstan/phpstan-shim": "*"
            },
            "bin": [
                "phpstan",
                "phpstan.phar"
            ],
            "type": "library",
            "autoload": {
                "files": [
                    "bootstrap.php"
                ]
            },
            "notification-url": "https://packagist.org/downloads/",
            "license": [
                "MIT"
            ],
            "description": "PHPStan - PHP Static Analysis Tool",
            "keywords": [
                "dev",
                "static analysis"
            ],
            "support": {
                "docs": "https://phpstan.org/user-guide/getting-started",
                "forum": "https://github.com/phpstan/phpstan/discussions",
                "issues": "https://github.com/phpstan/phpstan/issues",
                "security": "https://github.com/phpstan/phpstan/security/policy",
                "source": "https://github.com/phpstan/phpstan-src"
            },
            "funding": [
                {
                    "url": "https://github.com/ondrejmirtes",
                    "type": "github"
                },
                {
                    "url": "https://github.com/phpstan",
                    "type": "github"
                }
            ],
            "time": "2024-05-24T13:23:04+00:00"
        },
        {
            "name": "shipmonk/composer-dependency-analyser",
            "version": "1.5.3",
            "source": {
                "type": "git",
                "url": "https://github.com/shipmonk-rnd/composer-dependency-analyser.git",
                "reference": "00b5023bcc0c9c4f34c9246b3faf5b780e144622"
            },
            "dist": {
                "type": "zip",
                "url": "https://api.github.com/repos/shipmonk-rnd/composer-dependency-analyser/zipball/00b5023bcc0c9c4f34c9246b3faf5b780e144622",
                "reference": "00b5023bcc0c9c4f34c9246b3faf5b780e144622",
                "shasum": ""
            },
            "require": {
                "ext-json": "*",
                "ext-tokenizer": "*",
                "php": "^7.2 || ^8.0"
            },
            "require-dev": {
                "editorconfig-checker/editorconfig-checker": "^10.3.0",
                "ergebnis/composer-normalize": "^2.19",
                "ext-dom": "*",
                "ext-libxml": "*",
                "phpcompatibility/php-compatibility": "^9.3",
                "phpstan/phpstan": "^1.10.63",
                "phpstan/phpstan-phpunit": "^1.1.1",
                "phpstan/phpstan-strict-rules": "^1.2.3",
                "phpunit/phpunit": "^8.5.28 || ^9.5.20",
                "shipmonk/name-collision-detector": "^2.0.0",
                "slevomat/coding-standard": "^8.0.1"
            },
            "bin": [
                "bin/composer-dependency-analyser"
            ],
            "type": "library",
            "autoload": {
                "psr-4": {
                    "ShipMonk\\ComposerDependencyAnalyser\\": "src/"
                }
            },
            "notification-url": "https://packagist.org/downloads/",
            "license": [
                "MIT"
            ],
            "description": "Fast detection of composer dependency issues (dead dependencies, shadow dependencies, misplaced dependencies)",
            "keywords": [
                "analyser",
                "composer",
                "composer dependency",
                "dead code",
                "dead dependency",
                "detector",
                "dev",
                "misplaced dependency",
                "shadow dependency",
                "static analysis",
                "unused code",
                "unused dependency"
            ],
            "support": {
                "issues": "https://github.com/shipmonk-rnd/composer-dependency-analyser/issues",
                "source": "https://github.com/shipmonk-rnd/composer-dependency-analyser/tree/1.5.3"
            },
            "time": "2024-04-22T13:28:23+00:00"
        }
    ],
    "packages-dev": [
        {
            "name": "laravel/pint",
            "version": "v1.16.0",
            "source": {
                "type": "git",
                "url": "https://github.com/laravel/pint.git",
                "reference": "1b3a3dc5bc6a81ff52828ba7277621f1d49d6d98"
            },
            "dist": {
                "type": "zip",
                "url": "https://api.github.com/repos/laravel/pint/zipball/1b3a3dc5bc6a81ff52828ba7277621f1d49d6d98",
                "reference": "1b3a3dc5bc6a81ff52828ba7277621f1d49d6d98",
                "shasum": ""
            },
            "require": {
                "ext-json": "*",
                "ext-mbstring": "*",
                "ext-tokenizer": "*",
                "ext-xml": "*",
                "php": "^8.1.0"
            },
            "require-dev": {
                "friendsofphp/php-cs-fixer": "^3.57.1",
                "illuminate/view": "^10.48.10",
                "larastan/larastan": "^2.9.6",
                "laravel-zero/framework": "^10.4.0",
                "mockery/mockery": "^1.6.12",
                "nunomaduro/termwind": "^1.15.1",
                "pestphp/pest": "^2.34.7"
            },
            "bin": [
                "builds/pint"
            ],
            "type": "project",
            "autoload": {
                "psr-4": {
                    "App\\": "app/",
                    "Database\\Seeders\\": "database/seeders/",
                    "Database\\Factories\\": "database/factories/"
                }
            },
            "notification-url": "https://packagist.org/downloads/",
            "license": [
                "MIT"
            ],
            "authors": [
                {
                    "name": "Nuno Maduro",
                    "email": "enunomaduro@gmail.com"
                }
            ],
            "description": "An opinionated code formatter for PHP.",
            "homepage": "https://laravel.com",
            "keywords": [
                "format",
                "formatter",
                "lint",
                "linter",
                "php"
            ],
            "support": {
                "issues": "https://github.com/laravel/pint/issues",
                "source": "https://github.com/laravel/pint"
            },
            "time": "2024-05-21T18:08:25+00:00"
        }
    ],
    "aliases": [],
    "minimum-stability": "stable",
    "stability-flags": [],
    "prefer-stable": false,
    "prefer-lowest": false,
    "platform": {
        "php": "~8.1|~8.2|~8.3"
    },
    "platform-dev": [],
    "plugin-api-version": "2.6.0"
}
